// !$*UTF8*$!
{
	archiveVersion = 1;
	classes = {
	};
	objectVersion = 50;
	objects = {

/* Begin PBXBuildFile section */
		18B09B6362DE1EDF94696466 /* libPods-Simplicity.a in Frameworks */ = {isa = PBXBuildFile; fileRef = 7C663D769C430E4FABFEF4FE /* libPods-Simplicity.a */; };
		FB32320E22A694CB00009A5C /* ESGameFlowLayout.m in Sources */ = {isa = PBXBuildFile; fileRef = FB32320D22A694CB00009A5C /* ESGameFlowLayout.m */; };
		FB32321222A694F400009A5C /* ESGameRecommendVC.m in Sources */ = {isa = PBXBuildFile; fileRef = FB32321022A694F400009A5C /* ESGameRecommendVC.m */; };
		FB32321322A694F400009A5C /* ESGameRecommendVC.xib in Resources */ = {isa = PBXBuildFile; fileRef = FB32321122A694F400009A5C /* ESGameRecommendVC.xib */; };
		FB32321722A695C500009A5C /* ESGameReContentCell.m in Sources */ = {isa = PBXBuildFile; fileRef = FB32321522A695C500009A5C /* ESGameReContentCell.m */; };
		FB32321822A695C500009A5C /* ESGameReContentCell.xib in Resources */ = {isa = PBXBuildFile; fileRef = FB32321622A695C500009A5C /* ESGameReContentCell.xib */; };
		FB5172B7229E99B000252968 /* AppDelegate.m in Sources */ = {isa = PBXBuildFile; fileRef = FB5172B6229E99B000252968 /* AppDelegate.m */; };
		FB5172BA229E99B000252968 /* ViewController.m in Sources */ = {isa = PBXBuildFile; fileRef = FB5172B9229E99B000252968 /* ViewController.m */; };
		FB5172BD229E99B000252968 /* Main.storyboard in Resources */ = {isa = PBXBuildFile; fileRef = FB5172BB229E99B000252968 /* Main.storyboard */; };
		FB5172C0229E99B000252968 /* Simplicity.xcdatamodeld in Sources */ = {isa = PBXBuildFile; fileRef = FB5172BE229E99B000252968 /* Simplicity.xcdatamodeld */; };
		FB5172C2229E99B200252968 /* Assets.xcassets in Resources */ = {isa = PBXBuildFile; fileRef = FB5172C1229E99B200252968 /* Assets.xcassets */; };
		FB5172C5229E99B200252968 /* LaunchScreen.storyboard in Resources */ = {isa = PBXBuildFile; fileRef = FB5172C3229E99B200252968 /* LaunchScreen.storyboard */; };
		FB5172C8229E99B200252968 /* main.m in Sources */ = {isa = PBXBuildFile; fileRef = FB5172C7229E99B200252968 /* main.m */; };
		FB5172D2229E99B300252968 /* SimplicityTests.m in Sources */ = {isa = PBXBuildFile; fileRef = FB5172D1229E99B300252968 /* SimplicityTests.m */; };
		FB5172DD229E99B300252968 /* SimplicityUITests.m in Sources */ = {isa = PBXBuildFile; fileRef = FB5172DC229E99B300252968 /* SimplicityUITests.m */; };
		FB551E5422A3DE6A00053B5C /* bye.mp3 in Resources */ = {isa = PBXBuildFile; fileRef = FB551DE222A3DE6900053B5C /* bye.mp3 */; };
		FB551E5522A3DE6A00053B5C /* welcome.mp3 in Resources */ = {isa = PBXBuildFile; fileRef = FB551DE322A3DE6900053B5C /* welcome.mp3 */; };
		FB551E5622A3DE6A00053B5C /* gamecenter.mp3 in Resources */ = {isa = PBXBuildFile; fileRef = FB551DE422A3DE6900053B5C /* gamecenter.mp3 */; };
		FB551E5722A3DE6A00053B5C /* win.mp3 in Resources */ = {isa = PBXBuildFile; fileRef = FB551DE522A3DE6900053B5C /* win.mp3 */; };
		FB551E5822A3DE6A00053B5C /* soso.mp3 in Resources */ = {isa = PBXBuildFile; fileRef = FB551DE622A3DE6900053B5C /* soso.mp3 */; };
		FB551E5922A3DE6A00053B5C /* circle.mp3 in Resources */ = {isa = PBXBuildFile; fileRef = FB551DE722A3DE6900053B5C /* circle.mp3 */; };
		FB551E5A22A3DE6A00053B5C /* 6.mp3 in Resources */ = {isa = PBXBuildFile; fileRef = FB551DE922A3DE6900053B5C /* 6.mp3 */; };
		FB551E5B22A3DE6A00053B5C /* 4.mp3 in Resources */ = {isa = PBXBuildFile; fileRef = FB551DEA22A3DE6900053B5C /* 4.mp3 */; };
		FB551E5C22A3DE6A00053B5C /* 5.mp3 in Resources */ = {isa = PBXBuildFile; fileRef = FB551DEB22A3DE6900053B5C /* 5.mp3 */; };
		FB551E5D22A3DE6A00053B5C /* 1.mp3 in Resources */ = {isa = PBXBuildFile; fileRef = FB551DEC22A3DE6900053B5C /* 1.mp3 */; };
		FB551E5E22A3DE6A00053B5C /* 2.mp3 in Resources */ = {isa = PBXBuildFile; fileRef = FB551DED22A3DE6900053B5C /* 2.mp3 */; };
		FB551E5F22A3DE6A00053B5C /* 3.mp3 in Resources */ = {isa = PBXBuildFile; fileRef = FB551DEE22A3DE6900053B5C /* 3.mp3 */; };
		FB551E6022A3DE6A00053B5C /* movepiece.mp3 in Resources */ = {isa = PBXBuildFile; fileRef = FB551DEF22A3DE6900053B5C /* movepiece.mp3 */; };
		FB551E6122A3DE6A00053B5C /* sound_2.mp3 in Resources */ = {isa = PBXBuildFile; fileRef = FB551DF022A3DE6900053B5C /* sound_2.mp3 */; };
		FB551E6222A3DE6A00053B5C /* sound_3.mp3 in Resources */ = {isa = PBXBuildFile; fileRef = FB551DF122A3DE6900053B5C /* sound_3.mp3 */; };
		FB551E6322A3DE6A00053B5C /* sound_1.mp3 in Resources */ = {isa = PBXBuildFile; fileRef = FB551DF222A3DE6900053B5C /* sound_1.mp3 */; };
		FB551E6422A3DE6A00053B5C /* sound_0.mp3 in Resources */ = {isa = PBXBuildFile; fileRef = FB551DF322A3DE6900053B5C /* sound_0.mp3 */; };
		FB551E6522A3DE6A00053B5C /* LevelAudioPlist.plist in Resources */ = {isa = PBXBuildFile; fileRef = FB551DF422A3DE6900053B5C /* LevelAudioPlist.plist */; };
		FB551E6622A3DE6A00053B5C /* sticker.plist in Resources */ = {isa = PBXBuildFile; fileRef = FB551DF522A3DE6900053B5C /* sticker.plist */; };
		FB551E6822A3DE6A00053B5C /* UIImage+Extension.m in Sources */ = {isa = PBXBuildFile; fileRef = FB551DFF22A3DE6900053B5C /* UIImage+Extension.m */; };
		FB551E6922A3DE6A00053B5C /* NSObject+Model.m in Sources */ = {isa = PBXBuildFile; fileRef = FB551E0022A3DE6900053B5C /* NSObject+Model.m */; };
		FB551E6A22A3DE6A00053B5C /* NSDate+Extension.m in Sources */ = {isa = PBXBuildFile; fileRef = FB551E0122A3DE6900053B5C /* NSDate+Extension.m */; };
		FB551E6B22A3DE6A00053B5C /* UIColor+Extension.m in Sources */ = {isa = PBXBuildFile; fileRef = FB551E0222A3DE6900053B5C /* UIColor+Extension.m */; };
		FB551E6C22A3DE6A00053B5C /* NSString+Extension.m in Sources */ = {isa = PBXBuildFile; fileRef = FB551E0322A3DE6900053B5C /* NSString+Extension.m */; };
		FB551E6D22A3DE6A00053B5C /* UIView+Extension.m in Sources */ = {isa = PBXBuildFile; fileRef = FB551E0522A3DE6900053B5C /* UIView+Extension.m */; };
		FB551E6E22A3DE6A00053B5C /* ESGameCommonTool.m in Sources */ = {isa = PBXBuildFile; fileRef = FB551E0722A3DE6900053B5C /* ESGameCommonTool.m */; };
		FB551E6F22A3DE6A00053B5C /* ESPriorityGameQueue.m in Sources */ = {isa = PBXBuildFile; fileRef = FB551E0B22A3DE6900053B5C /* ESPriorityGameQueue.m */; };
		FB551E7022A3DE6A00053B5C /* ESPuzzleGamePiece.m in Sources */ = {isa = PBXBuildFile; fileRef = FB551E0D22A3DE6900053B5C /* ESPuzzleGamePiece.m */; };
		FB551E8522A3DE6A00053B5C /* ESPuzzleGameStatus.m in Sources */ = {isa = PBXBuildFile; fileRef = FB551E4422A3DE6900053B5C /* ESPuzzleGameStatus.m */; };
		FB551E8622A3DE6A00053B5C /* ESDoubleGameSearcher.m in Sources */ = {isa = PBXBuildFile; fileRef = FB551E4622A3DE6900053B5C /* ESDoubleGameSearcher.m */; };
		FB551E8722A3DE6A00053B5C /* ESGamePathSearch.m in Sources */ = {isa = PBXBuildFile; fileRef = FB551E4822A3DE6900053B5C /* ESGamePathSearch.m */; };
		FB551E8822A3DE6A00053B5C /* ESStarGameSearcher.m in Sources */ = {isa = PBXBuildFile; fileRef = FB551E4922A3DE6900053B5C /* ESStarGameSearcher.m */; };
		FB551E8922A3DE6A00053B5C /* ESBreadthGameSearcher.m in Sources */ = {isa = PBXBuildFile; fileRef = FB551E4B22A3DE6900053B5C /* ESBreadthGameSearcher.m */; };
		FB551E8A22A3DE6A00053B5C /* AFNet.m in Sources */ = {isa = PBXBuildFile; fileRef = FB551E4E22A3DE6900053B5C /* AFNet.m */; };
		FB551E9122A3E5B600053B5C /* ESGameHomeVC.m in Sources */ = {isa = PBXBuildFile; fileRef = FB551E9022A3E5B600053B5C /* ESGameHomeVC.m */; };
		FB551E9422A3E61F00053B5C /* ESGameWaveButton.m in Sources */ = {isa = PBXBuildFile; fileRef = FB551E9222A3E61F00053B5C /* ESGameWaveButton.m */; };
		FBAC193322A52290007C7883 /* ESGameChoosePhotoVC.m in Sources */ = {isa = PBXBuildFile; fileRef = FBAC193122A52290007C7883 /* ESGameChoosePhotoVC.m */; };
		FBAC193422A52290007C7883 /* ESGameChoosePhotoVC.xib in Resources */ = {isa = PBXBuildFile; fileRef = FBAC193222A52290007C7883 /* ESGameChoosePhotoVC.xib */; };
		FBAC193822A53F7C007C7883 /* ESGameRecommendCell.m in Sources */ = {isa = PBXBuildFile; fileRef = FBAC193522A53F7B007C7883 /* ESGameRecommendCell.m */; };
		FBAC193922A53F7C007C7883 /* ESGameRecommendCell.xib in Resources */ = {isa = PBXBuildFile; fileRef = FBAC193622A53F7C007C7883 /* ESGameRecommendCell.xib */; };
		FBAF630322A3F81D00BFD8A0 /* ESGameSetVC.m in Sources */ = {isa = PBXBuildFile; fileRef = FBAF630222A3F81D00BFD8A0 /* ESGameSetVC.m */; };
		FBB1A66722A7641B0044799A /* ESGameWebVC.m in Sources */ = {isa = PBXBuildFile; fileRef = FBB1A66522A7641B0044799A /* ESGameWebVC.m */; };
		FBB1A66822A7641B0044799A /* ESGameWebVC.xib in Resources */ = {isa = PBXBuildFile; fileRef = FBB1A66622A7641B0044799A /* ESGameWebVC.xib */; };
		FBB1A67122A76CBE0044799A /* ESGameWinVC.m in Sources */ = {isa = PBXBuildFile; fileRef = FBB1A66F22A76CBE0044799A /* ESGameWinVC.m */; };
		FBB1A67222A76CBE0044799A /* ESGameWinVC.xib in Resources */ = {isa = PBXBuildFile; fileRef = FBB1A67022A76CBE0044799A /* ESGameWinVC.xib */; };
		FBB1A67622A774710044799A /* ESGameLaunchVC.m in Sources */ = {isa = PBXBuildFile; fileRef = FBB1A67422A774710044799A /* ESGameLaunchVC.m */; };
		FBB1A67722A774710044799A /* ESGameLaunchVC.xib in Resources */ = {isa = PBXBuildFile; fileRef = FBB1A67522A774710044799A /* ESGameLaunchVC.xib */; };
		FBB1A67A22A793C50044799A /* PrivacyPolicy.html in Resources */ = {isa = PBXBuildFile; fileRef = FBB1A67822A793C50044799A /* PrivacyPolicy.html */; };
		FBB1A67B22A793C50044799A /* UserAgreement.html in Resources */ = {isa = PBXBuildFile; fileRef = FBB1A67922A793C50044799A /* UserAgreement.html */; };
/* End PBXBuildFile section */

/* Begin PBXContainerItemProxy section */
		FB5172CE229E99B200252968 /* PBXContainerItemProxy */ = {
			isa = PBXContainerItemProxy;
			containerPortal = FB5172AA229E99B000252968 /* Project object */;
			proxyType = 1;
			remoteGlobalIDString = FB5172B1229E99B000252968;
			remoteInfo = Simplicity;
		};
		FB5172D9229E99B300252968 /* PBXContainerItemProxy */ = {
			isa = PBXContainerItemProxy;
			containerPortal = FB5172AA229E99B000252968 /* Project object */;
			proxyType = 1;
			remoteGlobalIDString = FB5172B1229E99B000252968;
			remoteInfo = Simplicity;
		};
/* End PBXContainerItemProxy section */

/* Begin PBXFileReference section */
		5AE2D3048E2166E9212962D3 /* Pods-Simplicity.debug.xcconfig */ = {isa = PBXFileReference; includeInIndex = 1; lastKnownFileType = text.xcconfig; name = "Pods-Simplicity.debug.xcconfig"; path = "Target Support Files/Pods-Simplicity/Pods-Simplicity.debug.xcconfig"; sourceTree = "<group>"; };
		7C663D769C430E4FABFEF4FE /* libPods-Simplicity.a */ = {isa = PBXFileReference; explicitFileType = archive.ar; includeInIndex = 0; path = "libPods-Simplicity.a"; sourceTree = BUILT_PRODUCTS_DIR; };
		D97191A99607BE977B07F008 /* Pods-Simplicity.release.xcconfig */ = {isa = PBXFileReference; includeInIndex = 1; lastKnownFileType = text.xcconfig; name = "Pods-Simplicity.release.xcconfig"; path = "Target Support Files/Pods-Simplicity/Pods-Simplicity.release.xcconfig"; sourceTree = "<group>"; };
		FB32320C22A694CB00009A5C /* ESGameFlowLayout.h */ = {isa = PBXFileReference; fileEncoding = 4; lastKnownFileType = sourcecode.c.h; path = ESGameFlowLayout.h; sourceTree = "<group>"; };
		FB32320D22A694CB00009A5C /* ESGameFlowLayout.m */ = {isa = PBXFileReference; fileEncoding = 4; lastKnownFileType = sourcecode.c.objc; path = ESGameFlowLayout.m; sourceTree = "<group>"; };
		FB32320F22A694F400009A5C /* ESGameRecommendVC.h */ = {isa = PBXFileReference; lastKnownFileType = sourcecode.c.h; path = ESGameRecommendVC.h; sourceTree = "<group>"; };
		FB32321022A694F400009A5C /* ESGameRecommendVC.m */ = {isa = PBXFileReference; lastKnownFileType = sourcecode.c.objc; path = ESGameRecommendVC.m; sourceTree = "<group>"; };
		FB32321122A694F400009A5C /* ESGameRecommendVC.xib */ = {isa = PBXFileReference; lastKnownFileType = file.xib; path = ESGameRecommendVC.xib; sourceTree = "<group>"; };
		FB32321422A695C500009A5C /* ESGameReContentCell.h */ = {isa = PBXFileReference; lastKnownFileType = sourcecode.c.h; path = ESGameReContentCell.h; sourceTree = "<group>"; };
		FB32321522A695C500009A5C /* ESGameReContentCell.m */ = {isa = PBXFileReference; lastKnownFileType = sourcecode.c.objc; path = ESGameReContentCell.m; sourceTree = "<group>"; };
		FB32321622A695C500009A5C /* ESGameReContentCell.xib */ = {isa = PBXFileReference; lastKnownFileType = file.xib; path = ESGameReContentCell.xib; sourceTree = "<group>"; };
		FB5172B2229E99B000252968 /* Simplicity.app */ = {isa = PBXFileReference; explicitFileType = wrapper.application; includeInIndex = 0; path = Simplicity.app; sourceTree = BUILT_PRODUCTS_DIR; };
		FB5172B5229E99B000252968 /* AppDelegate.h */ = {isa = PBXFileReference; lastKnownFileType = sourcecode.c.h; path = AppDelegate.h; sourceTree = "<group>"; };
		FB5172B6229E99B000252968 /* AppDelegate.m */ = {isa = PBXFileReference; lastKnownFileType = sourcecode.c.objc; path = AppDelegate.m; sourceTree = "<group>"; };
		FB5172B8229E99B000252968 /* ViewController.h */ = {isa = PBXFileReference; lastKnownFileType = sourcecode.c.h; path = ViewController.h; sourceTree = "<group>"; };
		FB5172B9229E99B000252968 /* ViewController.m */ = {isa = PBXFileReference; lastKnownFileType = sourcecode.c.objc; path = ViewController.m; sourceTree = "<group>"; };
		FB5172BC229E99B000252968 /* Base */ = {isa = PBXFileReference; lastKnownFileType = file.storyboard; name = Base; path = Base.lproj/Main.storyboard; sourceTree = "<group>"; };
		FB5172BF229E99B000252968 /* Simplicity.xcdatamodel */ = {isa = PBXFileReference; lastKnownFileType = wrapper.xcdatamodel; path = Simplicity.xcdatamodel; sourceTree = "<group>"; };
		FB5172C1229E99B200252968 /* Assets.xcassets */ = {isa = PBXFileReference; lastKnownFileType = folder.assetcatalog; path = Assets.xcassets; sourceTree = "<group>"; };
		FB5172C4229E99B200252968 /* Base */ = {isa = PBXFileReference; lastKnownFileType = file.storyboard; name = Base; path = Base.lproj/LaunchScreen.storyboard; sourceTree = "<group>"; };
		FB5172C6229E99B200252968 /* Info.plist */ = {isa = PBXFileReference; lastKnownFileType = text.plist.xml; path = Info.plist; sourceTree = "<group>"; };
		FB5172C7229E99B200252968 /* main.m */ = {isa = PBXFileReference; lastKnownFileType = sourcecode.c.objc; path = main.m; sourceTree = "<group>"; };
		FB5172CD229E99B200252968 /* SimplicityTests.xctest */ = {isa = PBXFileReference; explicitFileType = wrapper.cfbundle; includeInIndex = 0; path = SimplicityTests.xctest; sourceTree = BUILT_PRODUCTS_DIR; };
		FB5172D1229E99B300252968 /* SimplicityTests.m */ = {isa = PBXFileReference; lastKnownFileType = sourcecode.c.objc; path = SimplicityTests.m; sourceTree = "<group>"; };
		FB5172D3229E99B300252968 /* Info.plist */ = {isa = PBXFileReference; lastKnownFileType = text.plist.xml; path = Info.plist; sourceTree = "<group>"; };
		FB5172D8229E99B300252968 /* SimplicityUITests.xctest */ = {isa = PBXFileReference; explicitFileType = wrapper.cfbundle; includeInIndex = 0; path = SimplicityUITests.xctest; sourceTree = BUILT_PRODUCTS_DIR; };
		FB5172DC229E99B300252968 /* SimplicityUITests.m */ = {isa = PBXFileReference; lastKnownFileType = sourcecode.c.objc; path = SimplicityUITests.m; sourceTree = "<group>"; };
		FB5172DE229E99B300252968 /* Info.plist */ = {isa = PBXFileReference; lastKnownFileType = text.plist.xml; path = Info.plist; sourceTree = "<group>"; };
		FB551DE222A3DE6900053B5C /* bye.mp3 */ = {isa = PBXFileReference; lastKnownFileType = audio.mp3; path = bye.mp3; sourceTree = "<group>"; };
		FB551DE322A3DE6900053B5C /* welcome.mp3 */ = {isa = PBXFileReference; lastKnownFileType = audio.mp3; path = welcome.mp3; sourceTree = "<group>"; };
		FB551DE422A3DE6900053B5C /* gamecenter.mp3 */ = {isa = PBXFileReference; lastKnownFileType = audio.mp3; path = gamecenter.mp3; sourceTree = "<group>"; };
		FB551DE522A3DE6900053B5C /* win.mp3 */ = {isa = PBXFileReference; lastKnownFileType = audio.mp3; path = win.mp3; sourceTree = "<group>"; };
		FB551DE622A3DE6900053B5C /* soso.mp3 */ = {isa = PBXFileReference; lastKnownFileType = audio.mp3; path = soso.mp3; sourceTree = "<group>"; };
		FB551DE722A3DE6900053B5C /* circle.mp3 */ = {isa = PBXFileReference; lastKnownFileType = audio.mp3; path = circle.mp3; sourceTree = "<group>"; };
		FB551DE922A3DE6900053B5C /* 6.mp3 */ = {isa = PBXFileReference; lastKnownFileType = audio.mp3; path = 6.mp3; sourceTree = "<group>"; };
		FB551DEA22A3DE6900053B5C /* 4.mp3 */ = {isa = PBXFileReference; lastKnownFileType = audio.mp3; path = 4.mp3; sourceTree = "<group>"; };
		FB551DEB22A3DE6900053B5C /* 5.mp3 */ = {isa = PBXFileReference; lastKnownFileType = audio.mp3; path = 5.mp3; sourceTree = "<group>"; };
		FB551DEC22A3DE6900053B5C /* 1.mp3 */ = {isa = PBXFileReference; lastKnownFileType = audio.mp3; path = 1.mp3; sourceTree = "<group>"; };
		FB551DED22A3DE6900053B5C /* 2.mp3 */ = {isa = PBXFileReference; lastKnownFileType = audio.mp3; path = 2.mp3; sourceTree = "<group>"; };
		FB551DEE22A3DE6900053B5C /* 3.mp3 */ = {isa = PBXFileReference; lastKnownFileType = audio.mp3; path = 3.mp3; sourceTree = "<group>"; };
		FB551DEF22A3DE6900053B5C /* movepiece.mp3 */ = {isa = PBXFileReference; lastKnownFileType = audio.mp3; path = movepiece.mp3; sourceTree = "<group>"; };
		FB551DF022A3DE6900053B5C /* sound_2.mp3 */ = {isa = PBXFileReference; lastKnownFileType = audio.mp3; path = sound_2.mp3; sourceTree = "<group>"; };
		FB551DF122A3DE6900053B5C /* sound_3.mp3 */ = {isa = PBXFileReference; lastKnownFileType = audio.mp3; path = sound_3.mp3; sourceTree = "<group>"; };
		FB551DF222A3DE6900053B5C /* sound_1.mp3 */ = {isa = PBXFileReference; lastKnownFileType = audio.mp3; path = sound_1.mp3; sourceTree = "<group>"; };
		FB551DF322A3DE6900053B5C /* sound_0.mp3 */ = {isa = PBXFileReference; lastKnownFileType = audio.mp3; path = sound_0.mp3; sourceTree = "<group>"; };
		FB551DF422A3DE6900053B5C /* LevelAudioPlist.plist */ = {isa = PBXFileReference; fileEncoding = 4; lastKnownFileType = text.plist.xml; path = LevelAudioPlist.plist; sourceTree = "<group>"; };
		FB551DF522A3DE6900053B5C /* sticker.plist */ = {isa = PBXFileReference; fileEncoding = 4; lastKnownFileType = text.plist.xml; path = sticker.plist; sourceTree = "<group>"; };
		FB551DFA22A3DE6900053B5C /* NSObject+Model.h */ = {isa = PBXFileReference; fileEncoding = 4; lastKnownFileType = sourcecode.c.h; path = "NSObject+Model.h"; sourceTree = "<group>"; };
		FB551DFB22A3DE6900053B5C /* NSString+Extension.h */ = {isa = PBXFileReference; fileEncoding = 4; lastKnownFileType = sourcecode.c.h; path = "NSString+Extension.h"; sourceTree = "<group>"; };
		FB551DFC22A3DE6900053B5C /* UIColor+Extension.h */ = {isa = PBXFileReference; fileEncoding = 4; lastKnownFileType = sourcecode.c.h; path = "UIColor+Extension.h"; sourceTree = "<group>"; };
		FB551DFD22A3DE6900053B5C /* NSDate+Extension.h */ = {isa = PBXFileReference; fileEncoding = 4; lastKnownFileType = sourcecode.c.h; path = "NSDate+Extension.h"; sourceTree = "<group>"; };
		FB551DFE22A3DE6900053B5C /* UIView+Extension.h */ = {isa = PBXFileReference; fileEncoding = 4; lastKnownFileType = sourcecode.c.h; path = "UIView+Extension.h"; sourceTree = "<group>"; };
		FB551DFF22A3DE6900053B5C /* UIImage+Extension.m */ = {isa = PBXFileReference; fileEncoding = 4; lastKnownFileType = sourcecode.c.objc; path = "UIImage+Extension.m"; sourceTree = "<group>"; };
		FB551E0022A3DE6900053B5C /* NSObject+Model.m */ = {isa = PBXFileReference; fileEncoding = 4; lastKnownFileType = sourcecode.c.objc; path = "NSObject+Model.m"; sourceTree = "<group>"; };
		FB551E0122A3DE6900053B5C /* NSDate+Extension.m */ = {isa = PBXFileReference; fileEncoding = 4; lastKnownFileType = sourcecode.c.objc; path = "NSDate+Extension.m"; sourceTree = "<group>"; };
		FB551E0222A3DE6900053B5C /* UIColor+Extension.m */ = {isa = PBXFileReference; fileEncoding = 4; lastKnownFileType = sourcecode.c.objc; path = "UIColor+Extension.m"; sourceTree = "<group>"; };
		FB551E0322A3DE6900053B5C /* NSString+Extension.m */ = {isa = PBXFileReference; fileEncoding = 4; lastKnownFileType = sourcecode.c.objc; path = "NSString+Extension.m"; sourceTree = "<group>"; };
		FB551E0422A3DE6900053B5C /* UIImage+Extension.h */ = {isa = PBXFileReference; fileEncoding = 4; lastKnownFileType = sourcecode.c.h; path = "UIImage+Extension.h"; sourceTree = "<group>"; };
		FB551E0522A3DE6900053B5C /* UIView+Extension.m */ = {isa = PBXFileReference; fileEncoding = 4; lastKnownFileType = sourcecode.c.objc; path = "UIView+Extension.m"; sourceTree = "<group>"; };
		FB551E0722A3DE6900053B5C /* ESGameCommonTool.m */ = {isa = PBXFileReference; fileEncoding = 4; lastKnownFileType = sourcecode.c.objc; path = ESGameCommonTool.m; sourceTree = "<group>"; };
		FB551E0822A3DE6900053B5C /* ESPuzzleGamePiece.h */ = {isa = PBXFileReference; fileEncoding = 4; lastKnownFileType = sourcecode.c.h; path = ESPuzzleGamePiece.h; sourceTree = "<group>"; };
		FB551E0922A3DE6900053B5C /* ESPuzzleGameStatus.h */ = {isa = PBXFileReference; fileEncoding = 4; lastKnownFileType = sourcecode.c.h; path = ESPuzzleGameStatus.h; sourceTree = "<group>"; };
		FB551E0B22A3DE6900053B5C /* ESPriorityGameQueue.m */ = {isa = PBXFileReference; fileEncoding = 4; lastKnownFileType = sourcecode.c.objc; path = ESPriorityGameQueue.m; sourceTree = "<group>"; };
		FB551E0C22A3DE6900053B5C /* ESPriorityGameQueue.h */ = {isa = PBXFileReference; fileEncoding = 4; lastKnownFileType = sourcecode.c.h; path = ESPriorityGameQueue.h; sourceTree = "<group>"; };
		FB551E0D22A3DE6900053B5C /* ESPuzzleGamePiece.m */ = {isa = PBXFileReference; fileEncoding = 4; lastKnownFileType = sourcecode.c.objc; path = ESPuzzleGamePiece.m; sourceTree = "<group>"; };
		FB551E0E22A3DE6900053B5C /* ESGameCommonTool.h */ = {isa = PBXFileReference; fileEncoding = 4; lastKnownFileType = sourcecode.c.h; path = ESGameCommonTool.h; sourceTree = "<group>"; };
		FB551E4422A3DE6900053B5C /* ESPuzzleGameStatus.m */ = {isa = PBXFileReference; fileEncoding = 4; lastKnownFileType = sourcecode.c.objc; path = ESPuzzleGameStatus.m; sourceTree = "<group>"; };
		FB551E4622A3DE6900053B5C /* ESDoubleGameSearcher.m */ = {isa = PBXFileReference; fileEncoding = 4; lastKnownFileType = sourcecode.c.objc; path = ESDoubleGameSearcher.m; sourceTree = "<group>"; };
		FB551E4722A3DE6900053B5C /* ESBreadthGameSearcher.h */ = {isa = PBXFileReference; fileEncoding = 4; lastKnownFileType = sourcecode.c.h; path = ESBreadthGameSearcher.h; sourceTree = "<group>"; };
		FB551E4822A3DE6900053B5C /* ESGamePathSearch.m */ = {isa = PBXFileReference; fileEncoding = 4; lastKnownFileType = sourcecode.c.objc; path = ESGamePathSearch.m; sourceTree = "<group>"; };
		FB551E4922A3DE6900053B5C /* ESStarGameSearcher.m */ = {isa = PBXFileReference; fileEncoding = 4; lastKnownFileType = sourcecode.c.objc; path = ESStarGameSearcher.m; sourceTree = "<group>"; };
		FB551E4A22A3DE6900053B5C /* ESDoubleGameSearcher.h */ = {isa = PBXFileReference; fileEncoding = 4; lastKnownFileType = sourcecode.c.h; path = ESDoubleGameSearcher.h; sourceTree = "<group>"; };
		FB551E4B22A3DE6900053B5C /* ESBreadthGameSearcher.m */ = {isa = PBXFileReference; fileEncoding = 4; lastKnownFileType = sourcecode.c.objc; path = ESBreadthGameSearcher.m; sourceTree = "<group>"; };
		FB551E4C22A3DE6900053B5C /* ESStarGameSearcher.h */ = {isa = PBXFileReference; fileEncoding = 4; lastKnownFileType = sourcecode.c.h; path = ESStarGameSearcher.h; sourceTree = "<group>"; };
		FB551E4D22A3DE6900053B5C /* ESGamePathSearch.h */ = {isa = PBXFileReference; fileEncoding = 4; lastKnownFileType = sourcecode.c.h; path = ESGamePathSearch.h; sourceTree = "<group>"; };
		FB551E4E22A3DE6900053B5C /* AFNet.m */ = {isa = PBXFileReference; fileEncoding = 4; lastKnownFileType = sourcecode.c.objc; path = AFNet.m; sourceTree = "<group>"; };
		FB551E5022A3DE6A00053B5C /* Macro.h */ = {isa = PBXFileReference; fileEncoding = 4; lastKnownFileType = sourcecode.c.h; path = Macro.h; sourceTree = "<group>"; };
		FB551E5122A3DE6A00053B5C /* PrefixHeader.pch */ = {isa = PBXFileReference; fileEncoding = 4; lastKnownFileType = sourcecode.c.h; path = PrefixHeader.pch; sourceTree = "<group>"; };
		FB551E5222A3DE6A00053B5C /* AFNet.h */ = {isa = PBXFileReference; fileEncoding = 4; lastKnownFileType = sourcecode.c.h; path = AFNet.h; sourceTree = "<group>"; };
		FB551E8B22A3E04B00053B5C /* Simplicity-Swift.h */ = {isa = PBXFileReference; lastKnownFileType = sourcecode.c.h; path = "Simplicity-Swift.h"; sourceTree = "<group>"; };
		FB551E8F22A3E5B600053B5C /* ESGameHomeVC.h */ = {isa = PBXFileReference; fileEncoding = 4; lastKnownFileType = sourcecode.c.h; path = ESGameHomeVC.h; sourceTree = "<group>"; };
		FB551E9022A3E5B600053B5C /* ESGameHomeVC.m */ = {isa = PBXFileReference; fileEncoding = 4; lastKnownFileType = sourcecode.c.objc; path = ESGameHomeVC.m; sourceTree = "<group>"; };
		FB551E9222A3E61F00053B5C /* ESGameWaveButton.m */ = {isa = PBXFileReference; fileEncoding = 4; lastKnownFileType = sourcecode.c.objc; path = ESGameWaveButton.m; sourceTree = "<group>"; };
		FB551E9322A3E61F00053B5C /* ESGameWaveButton.h */ = {isa = PBXFileReference; fileEncoding = 4; lastKnownFileType = sourcecode.c.h; path = ESGameWaveButton.h; sourceTree = "<group>"; };
		FBAC193022A52290007C7883 /* ESGameChoosePhotoVC.h */ = {isa = PBXFileReference; lastKnownFileType = sourcecode.c.h; path = ESGameChoosePhotoVC.h; sourceTree = "<group>"; };
		FBAC193122A52290007C7883 /* ESGameChoosePhotoVC.m */ = {isa = PBXFileReference; lastKnownFileType = sourcecode.c.objc; path = ESGameChoosePhotoVC.m; sourceTree = "<group>"; };
		FBAC193222A52290007C7883 /* ESGameChoosePhotoVC.xib */ = {isa = PBXFileReference; lastKnownFileType = file.xib; path = ESGameChoosePhotoVC.xib; sourceTree = "<group>"; };
		FBAC193522A53F7B007C7883 /* ESGameRecommendCell.m */ = {isa = PBXFileReference; fileEncoding = 4; lastKnownFileType = sourcecode.c.objc; path = ESGameRecommendCell.m; sourceTree = "<group>"; };
		FBAC193622A53F7C007C7883 /* ESGameRecommendCell.xib */ = {isa = PBXFileReference; fileEncoding = 4; lastKnownFileType = file.xib; path = ESGameRecommendCell.xib; sourceTree = "<group>"; };
		FBAC193722A53F7C007C7883 /* ESGameRecommendCell.h */ = {isa = PBXFileReference; fileEncoding = 4; lastKnownFileType = sourcecode.c.h; path = ESGameRecommendCell.h; sourceTree = "<group>"; };
		FBAF630122A3F81D00BFD8A0 /* ESGameSetVC.h */ = {isa = PBXFileReference; fileEncoding = 4; lastKnownFileType = sourcecode.c.h; path = ESGameSetVC.h; sourceTree = "<group>"; };
		FBAF630222A3F81D00BFD8A0 /* ESGameSetVC.m */ = {isa = PBXFileReference; fileEncoding = 4; lastKnownFileType = sourcecode.c.objc; path = ESGameSetVC.m; sourceTree = "<group>"; };
		FBB1A66422A7641B0044799A /* ESGameWebVC.h */ = {isa = PBXFileReference; lastKnownFileType = sourcecode.c.h; path = ESGameWebVC.h; sourceTree = "<group>"; };
		FBB1A66522A7641B0044799A /* ESGameWebVC.m */ = {isa = PBXFileReference; lastKnownFileType = sourcecode.c.objc; path = ESGameWebVC.m; sourceTree = "<group>"; };
		FBB1A66622A7641B0044799A /* ESGameWebVC.xib */ = {isa = PBXFileReference; lastKnownFileType = file.xib; path = ESGameWebVC.xib; sourceTree = "<group>"; };
		FBB1A66E22A76CBE0044799A /* ESGameWinVC.h */ = {isa = PBXFileReference; lastKnownFileType = sourcecode.c.h; path = ESGameWinVC.h; sourceTree = "<group>"; };
		FBB1A66F22A76CBE0044799A /* ESGameWinVC.m */ = {isa = PBXFileReference; lastKnownFileType = sourcecode.c.objc; path = ESGameWinVC.m; sourceTree = "<group>"; };
		FBB1A67022A76CBE0044799A /* ESGameWinVC.xib */ = {isa = PBXFileReference; lastKnownFileType = file.xib; path = ESGameWinVC.xib; sourceTree = "<group>"; };
		FBB1A67322A774710044799A /* ESGameLaunchVC.h */ = {isa = PBXFileReference; fileEncoding = 4; lastKnownFileType = sourcecode.c.h; path = ESGameLaunchVC.h; sourceTree = "<group>"; };
		FBB1A67422A774710044799A /* ESGameLaunchVC.m */ = {isa = PBXFileReference; fileEncoding = 4; lastKnownFileType = sourcecode.c.objc; path = ESGameLaunchVC.m; sourceTree = "<group>"; };
		FBB1A67522A774710044799A /* ESGameLaunchVC.xib */ = {isa = PBXFileReference; fileEncoding = 4; lastKnownFileType = file.xib; path = ESGameLaunchVC.xib; sourceTree = "<group>"; };
		FBB1A67822A793C50044799A /* PrivacyPolicy.html */ = {isa = PBXFileReference; fileEncoding = 4; lastKnownFileType = text.html; path = PrivacyPolicy.html; sourceTree = "<group>"; };
		FBB1A67922A793C50044799A /* UserAgreement.html */ = {isa = PBXFileReference; fileEncoding = 4; lastKnownFileType = text.html; path = UserAgreement.html; sourceTree = "<group>"; };
/* End PBXFileReference section */

/* Begin PBXFrameworksBuildPhase section */
		FB5172AF229E99B000252968 /* Frameworks */ = {
			isa = PBXFrameworksBuildPhase;
			buildActionMask = 2147483647;
			files = (
				18B09B6362DE1EDF94696466 /* libPods-Simplicity.a in Frameworks */,
			);
			runOnlyForDeploymentPostprocessing = 0;
		};
		FB5172CA229E99B200252968 /* Frameworks */ = {
			isa = PBXFrameworksBuildPhase;
			buildActionMask = 2147483647;
			files = (
			);
			runOnlyForDeploymentPostprocessing = 0;
		};
		FB5172D5229E99B300252968 /* Frameworks */ = {
			isa = PBXFrameworksBuildPhase;
			buildActionMask = 2147483647;
			files = (
			);
			runOnlyForDeploymentPostprocessing = 0;
		};
/* End PBXFrameworksBuildPhase section */

/* Begin PBXGroup section */
		755A315E39A0420D49686C36 /* Pods */ = {
			isa = PBXGroup;
			children = (
				5AE2D3048E2166E9212962D3 /* Pods-Simplicity.debug.xcconfig */,
				D97191A99607BE977B07F008 /* Pods-Simplicity.release.xcconfig */,
			);
			path = Pods;
			sourceTree = "<group>";
		};
		8EE6E32462DF38BB0BDA9159 /* Frameworks */ = {
			isa = PBXGroup;
			children = (
				7C663D769C430E4FABFEF4FE /* libPods-Simplicity.a */,
			);
			name = Frameworks;
			sourceTree = "<group>";
		};
		FB5172A9229E99B000252968 = {
			isa = PBXGroup;
			children = (
				FB5172B4229E99B000252968 /* Simplicity */,
				FB5172D0229E99B300252968 /* SimplicityTests */,
				FB5172DB229E99B300252968 /* SimplicityUITests */,
				FB5172B3229E99B000252968 /* Products */,
				755A315E39A0420D49686C36 /* Pods */,
				8EE6E32462DF38BB0BDA9159 /* Frameworks */,
			);
			sourceTree = "<group>";
		};
		FB5172B3229E99B000252968 /* Products */ = {
			isa = PBXGroup;
			children = (
				FB5172B2229E99B000252968 /* Simplicity.app */,
				FB5172CD229E99B200252968 /* SimplicityTests.xctest */,
				FB5172D8229E99B300252968 /* SimplicityUITests.xctest */,
			);
			name = Products;
			sourceTree = "<group>";
		};
		FB5172B4229E99B000252968 /* Simplicity */ = {
			isa = PBXGroup;
			children = (
				FB551E8E22A3E5AA00053B5C /* UI */,
				FB551DDC22A3DE5900053B5C /* Vender */,
				FB5172B5229E99B000252968 /* AppDelegate.h */,
				FB5172B6229E99B000252968 /* AppDelegate.m */,
				FB5172B8229E99B000252968 /* ViewController.h */,
				FB5172B9229E99B000252968 /* ViewController.m */,
				FB5172BB229E99B000252968 /* Main.storyboard */,
				FB5172C1229E99B200252968 /* Assets.xcassets */,
				FB5172C3229E99B200252968 /* LaunchScreen.storyboard */,
				FB5172C6229E99B200252968 /* Info.plist */,
				FB5172C7229E99B200252968 /* main.m */,
				FB5172BE229E99B000252968 /* Simplicity.xcdatamodeld */,
				FB551E8B22A3E04B00053B5C /* Simplicity-Swift.h */,
			);
			path = Simplicity;
			sourceTree = "<group>";
		};
		FB5172D0229E99B300252968 /* SimplicityTests */ = {
			isa = PBXGroup;
			children = (
				FB5172D1229E99B300252968 /* SimplicityTests.m */,
				FB5172D3229E99B300252968 /* Info.plist */,
			);
			path = SimplicityTests;
			sourceTree = "<group>";
		};
		FB5172DB229E99B300252968 /* SimplicityUITests */ = {
			isa = PBXGroup;
			children = (
				FB5172DC229E99B300252968 /* SimplicityUITests.m */,
				FB5172DE229E99B300252968 /* Info.plist */,
			);
			path = SimplicityUITests;
			sourceTree = "<group>";
		};
		FB551DDC22A3DE5900053B5C /* Vender */ = {
			isa = PBXGroup;
			children = (
				FB551E5222A3DE6A00053B5C /* AFNet.h */,
				FB551E4E22A3DE6900053B5C /* AFNet.m */,
				FB551DF922A3DE6900053B5C /* Category */,
				FB551E4F22A3DE6A00053B5C /* Macro */,
				FB551E5122A3DE6A00053B5C /* PrefixHeader.pch */,
				FB551DE022A3DE6900053B5C /* Resource */,
				FB551E0622A3DE6900053B5C /* Tool */,
			);
			path = Vender;
			sourceTree = "<group>";
		};
		FB551DE022A3DE6900053B5C /* Resource */ = {
			isa = PBXGroup;
			children = (
				FB551DE122A3DE6900053B5C /* Audio */,
				FB551DF422A3DE6900053B5C /* LevelAudioPlist.plist */,
				FB551DF522A3DE6900053B5C /* sticker.plist */,
			);
			path = Resource;
			sourceTree = "<group>";
		};
		FB551DE122A3DE6900053B5C /* Audio */ = {
			isa = PBXGroup;
			children = (
				FB551DE222A3DE6900053B5C /* bye.mp3 */,
				FB551DE322A3DE6900053B5C /* welcome.mp3 */,
				FB551DE422A3DE6900053B5C /* gamecenter.mp3 */,
				FB551DE522A3DE6900053B5C /* win.mp3 */,
				FB551DE622A3DE6900053B5C /* soso.mp3 */,
				FB551DE722A3DE6900053B5C /* circle.mp3 */,
				FB551DE822A3DE6900053B5C /* level */,
				FB551DEF22A3DE6900053B5C /* movepiece.mp3 */,
				FB551DF022A3DE6900053B5C /* sound_2.mp3 */,
				FB551DF122A3DE6900053B5C /* sound_3.mp3 */,
				FB551DF222A3DE6900053B5C /* sound_1.mp3 */,
				FB551DF322A3DE6900053B5C /* sound_0.mp3 */,
			);
			path = Audio;
			sourceTree = "<group>";
		};
		FB551DE822A3DE6900053B5C /* level */ = {
			isa = PBXGroup;
			children = (
				FB551DE922A3DE6900053B5C /* 6.mp3 */,
				FB551DEA22A3DE6900053B5C /* 4.mp3 */,
				FB551DEB22A3DE6900053B5C /* 5.mp3 */,
				FB551DEC22A3DE6900053B5C /* 1.mp3 */,
				FB551DED22A3DE6900053B5C /* 2.mp3 */,
				FB551DEE22A3DE6900053B5C /* 3.mp3 */,
			);
			path = level;
			sourceTree = "<group>";
		};
		FB551DF922A3DE6900053B5C /* Category */ = {
			isa = PBXGroup;
			children = (
				FB551DFA22A3DE6900053B5C /* NSObject+Model.h */,
				FB551DFB22A3DE6900053B5C /* NSString+Extension.h */,
				FB551DFC22A3DE6900053B5C /* UIColor+Extension.h */,
				FB551DFD22A3DE6900053B5C /* NSDate+Extension.h */,
				FB551DFE22A3DE6900053B5C /* UIView+Extension.h */,
				FB551DFF22A3DE6900053B5C /* UIImage+Extension.m */,
				FB551E0022A3DE6900053B5C /* NSObject+Model.m */,
				FB551E0122A3DE6900053B5C /* NSDate+Extension.m */,
				FB551E0222A3DE6900053B5C /* UIColor+Extension.m */,
				FB551E0322A3DE6900053B5C /* NSString+Extension.m */,
				FB551E0422A3DE6900053B5C /* UIImage+Extension.h */,
				FB551E0522A3DE6900053B5C /* UIView+Extension.m */,
			);
			path = Category;
			sourceTree = "<group>";
		};
		FB551E0622A3DE6900053B5C /* Tool */ = {
			isa = PBXGroup;
			children = (
				FB551E0722A3DE6900053B5C /* ESGameCommonTool.m */,
				FB551E0822A3DE6900053B5C /* ESPuzzleGamePiece.h */,
				FB551E0922A3DE6900053B5C /* ESPuzzleGameStatus.h */,
				FB551E0A22A3DE6900053B5C /* JXPriorityQueue */,
				FB551E0D22A3DE6900053B5C /* ESPuzzleGamePiece.m */,
				FB551E0E22A3DE6900053B5C /* ESGameCommonTool.h */,
				FB551E4422A3DE6900053B5C /* ESPuzzleGameStatus.m */,
				FB551E4522A3DE6900053B5C /* JXPatchSearch */,
			);
			path = Tool;
			sourceTree = "<group>";
		};
		FB551E0A22A3DE6900053B5C /* JXPriorityQueue */ = {
			isa = PBXGroup;
			children = (
				FB551E0B22A3DE6900053B5C /* ESPriorityGameQueue.m */,
				FB551E0C22A3DE6900053B5C /* ESPriorityGameQueue.h */,
			);
			path = JXPriorityQueue;
			sourceTree = "<group>";
		};
		FB551E4522A3DE6900053B5C /* JXPatchSearch */ = {
			isa = PBXGroup;
			children = (
				FB551E4622A3DE6900053B5C /* ESDoubleGameSearcher.m */,
				FB551E4722A3DE6900053B5C /* ESBreadthGameSearcher.h */,
				FB551E4822A3DE6900053B5C /* ESGamePathSearch.m */,
				FB551E4922A3DE6900053B5C /* ESStarGameSearcher.m */,
				FB551E4A22A3DE6900053B5C /* ESDoubleGameSearcher.h */,
				FB551E4B22A3DE6900053B5C /* ESBreadthGameSearcher.m */,
				FB551E4C22A3DE6900053B5C /* ESStarGameSearcher.h */,
				FB551E4D22A3DE6900053B5C /* ESGamePathSearch.h */,
			);
			path = JXPatchSearch;
			sourceTree = "<group>";
		};
		FB551E4F22A3DE6A00053B5C /* Macro */ = {
			isa = PBXGroup;
			children = (
				FB551E5022A3DE6A00053B5C /* Macro.h */,
			);
			path = Macro;
			sourceTree = "<group>";
		};
		FB551E8E22A3E5AA00053B5C /* UI */ = {
			isa = PBXGroup;
			children = (
				FBB1A67822A793C50044799A /* PrivacyPolicy.html */,
				FBB1A67922A793C50044799A /* UserAgreement.html */,
				FBB1A67322A774710044799A /* ESGameLaunchVC.h */,
				FBB1A67422A774710044799A /* ESGameLaunchVC.m */,
				FBB1A67522A774710044799A /* ESGameLaunchVC.xib */,
				FB32320C22A694CB00009A5C /* ESGameFlowLayout.h */,
				FB32320D22A694CB00009A5C /* ESGameFlowLayout.m */,
				FBAC193722A53F7C007C7883 /* ESGameRecommendCell.h */,
				FBAC193522A53F7B007C7883 /* ESGameRecommendCell.m */,
				FBAC193622A53F7C007C7883 /* ESGameRecommendCell.xib */,
				FBAF630122A3F81D00BFD8A0 /* ESGameSetVC.h */,
				FBAF630222A3F81D00BFD8A0 /* ESGameSetVC.m */,
				FB551E9322A3E61F00053B5C /* ESGameWaveButton.h */,
				FB551E9222A3E61F00053B5C /* ESGameWaveButton.m */,
				FB551E8F22A3E5B600053B5C /* ESGameHomeVC.h */,
				FB551E9022A3E5B600053B5C /* ESGameHomeVC.m */,
				FBAC193022A52290007C7883 /* ESGameChoosePhotoVC.h */,
				FBAC193122A52290007C7883 /* ESGameChoosePhotoVC.m */,
				FBAC193222A52290007C7883 /* ESGameChoosePhotoVC.xib */,
				FB32320F22A694F400009A5C /* ESGameRecommendVC.h */,
				FB32321022A694F400009A5C /* ESGameRecommendVC.m */,
				FB32321122A694F400009A5C /* ESGameRecommendVC.xib */,
				FB32321422A695C500009A5C /* ESGameReContentCell.h */,
				FB32321522A695C500009A5C /* ESGameReContentCell.m */,
				FB32321622A695C500009A5C /* ESGameReContentCell.xib */,
				FBB1A66422A7641B0044799A /* ESGameWebVC.h */,
				FBB1A66522A7641B0044799A /* ESGameWebVC.m */,
				FBB1A66622A7641B0044799A /* ESGameWebVC.xib */,
				FBB1A66E22A76CBE0044799A /* ESGameWinVC.h */,
				FBB1A66F22A76CBE0044799A /* ESGameWinVC.m */,
				FBB1A67022A76CBE0044799A /* ESGameWinVC.xib */,
			);
			path = UI;
			sourceTree = "<group>";
		};
/* End PBXGroup section */

/* Begin PBXNativeTarget section */
		FB5172B1229E99B000252968 /* Simplicity */ = {
			isa = PBXNativeTarget;
			buildConfigurationList = FB5172E1229E99B300252968 /* Build configuration list for PBXNativeTarget "Simplicity" */;
			buildPhases = (
				91FCA63F3E313033EC5050AB /* [CP] Check Pods Manifest.lock */,
				FB5172AE229E99B000252968 /* Sources */,
				FB5172AF229E99B000252968 /* Frameworks */,
				FB5172B0229E99B000252968 /* Resources */,
				CB645DBCDFAAB013D678D9CC /* [CP] Copy Pods Resources */,
			);
			buildRules = (
			);
			dependencies = (
			);
			name = Simplicity;
			productName = Simplicity;
			productReference = FB5172B2229E99B000252968 /* Simplicity.app */;
			productType = "com.apple.product-type.application";
		};
		FB5172CC229E99B200252968 /* SimplicityTests */ = {
			isa = PBXNativeTarget;
			buildConfigurationList = FB5172E4229E99B300252968 /* Build configuration list for PBXNativeTarget "SimplicityTests" */;
			buildPhases = (
				FB5172C9229E99B200252968 /* Sources */,
				FB5172CA229E99B200252968 /* Frameworks */,
				FB5172CB229E99B200252968 /* Resources */,
			);
			buildRules = (
			);
			dependencies = (
				FB5172CF229E99B200252968 /* PBXTargetDependency */,
			);
			name = SimplicityTests;
			productName = SimplicityTests;
			productReference = FB5172CD229E99B200252968 /* SimplicityTests.xctest */;
			productType = "com.apple.product-type.bundle.unit-test";
		};
		FB5172D7229E99B300252968 /* SimplicityUITests */ = {
			isa = PBXNativeTarget;
			buildConfigurationList = FB5172E7229E99B300252968 /* Build configuration list for PBXNativeTarget "SimplicityUITests" */;
			buildPhases = (
				FB5172D4229E99B300252968 /* Sources */,
				FB5172D5229E99B300252968 /* Frameworks */,
				FB5172D6229E99B300252968 /* Resources */,
			);
			buildRules = (
			);
			dependencies = (
				FB5172DA229E99B300252968 /* PBXTargetDependency */,
			);
			name = SimplicityUITests;
			productName = SimplicityUITests;
			productReference = FB5172D8229E99B300252968 /* SimplicityUITests.xctest */;
			productType = "com.apple.product-type.bundle.ui-testing";
		};
/* End PBXNativeTarget section */

/* Begin PBXProject section */
		FB5172AA229E99B000252968 /* Project object */ = {
			isa = PBXProject;
			attributes = {
				LastUpgradeCheck = 1010;
				ORGANIZATIONNAME = Simplicity;
				TargetAttributes = {
					FB5172B1229E99B000252968 = {
						CreatedOnToolsVersion = 10.1;
					};
					FB5172CC229E99B200252968 = {
						CreatedOnToolsVersion = 10.1;
						TestTargetID = FB5172B1229E99B000252968;
					};
					FB5172D7229E99B300252968 = {
						CreatedOnToolsVersion = 10.1;
						TestTargetID = FB5172B1229E99B000252968;
					};
				};
			};
			buildConfigurationList = FB5172AD229E99B000252968 /* Build configuration list for PBXProject "Simplicity" */;
			compatibilityVersion = "Xcode 9.3";
			developmentRegion = en;
			hasScannedForEncodings = 0;
			knownRegions = (
				en,
				Base,
			);
			mainGroup = FB5172A9229E99B000252968;
			productRefGroup = FB5172B3229E99B000252968 /* Products */;
			projectDirPath = "";
			projectRoot = "";
			targets = (
				FB5172B1229E99B000252968 /* Simplicity */,
				FB5172CC229E99B200252968 /* SimplicityTests */,
				FB5172D7229E99B300252968 /* SimplicityUITests */,
			);
		};
/* End PBXProject section */

/* Begin PBXResourcesBuildPhase section */
		FB5172B0229E99B000252968 /* Resources */ = {
			isa = PBXResourcesBuildPhase;
			buildActionMask = 2147483647;
			files = (
				FBB1A66822A7641B0044799A /* ESGameWebVC.xib in Resources */,
				FB551E5F22A3DE6A00053B5C /* 3.mp3 in Resources */,
				FB551E5C22A3DE6A00053B5C /* 5.mp3 in Resources */,
				FB551E5B22A3DE6A00053B5C /* 4.mp3 in Resources */,
				FB5172C5229E99B200252968 /* LaunchScreen.storyboard in Resources */,
				FB551E5622A3DE6A00053B5C /* gamecenter.mp3 in Resources */,
				FB551E5822A3DE6A00053B5C /* soso.mp3 in Resources */,
				FBB1A67722A774710044799A /* ESGameLaunchVC.xib in Resources */,
				FB32321322A694F400009A5C /* ESGameRecommendVC.xib in Resources */,
				FB551E6322A3DE6A00053B5C /* sound_1.mp3 in Resources */,
				FB32321822A695C500009A5C /* ESGameReContentCell.xib in Resources */,
				FB551E5E22A3DE6A00053B5C /* 2.mp3 in Resources */,
				FBAC193422A52290007C7883 /* ESGameChoosePhotoVC.xib in Resources */,
				FB551E5922A3DE6A00053B5C /* circle.mp3 in Resources */,
				FB551E6022A3DE6A00053B5C /* movepiece.mp3 in Resources */,
				FB551E5722A3DE6A00053B5C /* win.mp3 in Resources */,
				FB551E5522A3DE6A00053B5C /* welcome.mp3 in Resources */,
				FB551E5D22A3DE6A00053B5C /* 1.mp3 in Resources */,
				FBB1A67A22A793C50044799A /* PrivacyPolicy.html in Resources */,
				FB551E6122A3DE6A00053B5C /* sound_2.mp3 in Resources */,
				FB551E5422A3DE6A00053B5C /* bye.mp3 in Resources */,
				FB551E6522A3DE6A00053B5C /* LevelAudioPlist.plist in Resources */,
				FB551E6622A3DE6A00053B5C /* sticker.plist in Resources */,
				FBAC193922A53F7C007C7883 /* ESGameRecommendCell.xib in Resources */,
				FB551E6222A3DE6A00053B5C /* sound_3.mp3 in Resources */,
				FB5172C2229E99B200252968 /* Assets.xcassets in Resources */,
				FB551E6422A3DE6A00053B5C /* sound_0.mp3 in Resources */,
				FB5172BD229E99B000252968 /* Main.storyboard in Resources */,
				FB551E5A22A3DE6A00053B5C /* 6.mp3 in Resources */,
				FBB1A67222A76CBE0044799A /* ESGameWinVC.xib in Resources */,
				FBB1A67B22A793C50044799A /* UserAgreement.html in Resources */,
			);
			runOnlyForDeploymentPostprocessing = 0;
		};
		FB5172CB229E99B200252968 /* Resources */ = {
			isa = PBXResourcesBuildPhase;
			buildActionMask = 2147483647;
			files = (
			);
			runOnlyForDeploymentPostprocessing = 0;
		};
		FB5172D6229E99B300252968 /* Resources */ = {
			isa = PBXResourcesBuildPhase;
			buildActionMask = 2147483647;
			files = (
			);
			runOnlyForDeploymentPostprocessing = 0;
		};
/* End PBXResourcesBuildPhase section */

/* Begin PBXShellScriptBuildPhase section */
		91FCA63F3E313033EC5050AB /* [CP] Check Pods Manifest.lock */ = {
			isa = PBXShellScriptBuildPhase;
			buildActionMask = 2147483647;
			files = (
			);
			inputFileListPaths = (
			);
			inputPaths = (
				"${PODS_PODFILE_DIR_PATH}/Podfile.lock",
				"${PODS_ROOT}/Manifest.lock",
			);
			name = "[CP] Check Pods Manifest.lock";
			outputFileListPaths = (
			);
			outputPaths = (
				"$(DERIVED_FILE_DIR)/Pods-Simplicity-checkManifestLockResult.txt",
			);
			runOnlyForDeploymentPostprocessing = 0;
			shellPath = /bin/sh;
			shellScript = "diff \"${PODS_PODFILE_DIR_PATH}/Podfile.lock\" \"${PODS_ROOT}/Manifest.lock\" > /dev/null\nif [ $? != 0 ] ; then\n    # print error to STDERR\n    echo \"error: The sandbox is not in sync with the Podfile.lock. Run 'pod install' or update your CocoaPods installation.\" >&2\n    exit 1\nfi\n# This output is used by Xcode 'outputs' to avoid re-running this script phase.\necho \"SUCCESS\" > \"${SCRIPT_OUTPUT_FILE_0}\"\n";
			showEnvVarsInLog = 0;
		};
		CB645DBCDFAAB013D678D9CC /* [CP] Copy Pods Resources */ = {
			isa = PBXShellScriptBuildPhase;
			buildActionMask = 2147483647;
			files = (
			);
			inputFileListPaths = (
			);
			inputPaths = (
				"${PODS_ROOT}/Target Support Files/Pods-Simplicity/Pods-Simplicity-resources.sh",
				"${PODS_ROOT}/MJRefresh/MJRefresh/MJRefresh.bundle",
				"${PODS_ROOT}/RSKImageCropper/RSKImageCropper/RSKImageCropperStrings.bundle",
				"${PODS_ROOT}/SVProgressHUD/SVProgressHUD/SVProgressHUD.bundle",
			);
			name = "[CP] Copy Pods Resources";
			outputFileListPaths = (
			);
			outputPaths = (
				"${TARGET_BUILD_DIR}/${UNLOCALIZED_RESOURCES_FOLDER_PATH}/MJRefresh.bundle",
				"${TARGET_BUILD_DIR}/${UNLOCALIZED_RESOURCES_FOLDER_PATH}/RSKImageCropperStrings.bundle",
				"${TARGET_BUILD_DIR}/${UNLOCALIZED_RESOURCES_FOLDER_PATH}/SVProgressHUD.bundle",
			);
			runOnlyForDeploymentPostprocessing = 0;
			shellPath = /bin/sh;
			shellScript = "\"${PODS_ROOT}/Target Support Files/Pods-Simplicity/Pods-Simplicity-resources.sh\"\n";
			showEnvVarsInLog = 0;
		};
/* End PBXShellScriptBuildPhase section */

/* Begin PBXSourcesBuildPhase section */
		FB5172AE229E99B000252968 /* Sources */ = {
			isa = PBXSourcesBuildPhase;
			buildActionMask = 2147483647;
			files = (
				FB5172BA229E99B000252968 /* ViewController.m in Sources */,
				FB551E6822A3DE6A00053B5C /* UIImage+Extension.m in Sources */,
				FB551E8522A3DE6A00053B5C /* ESPuzzleGameStatus.m in Sources */,
				FB551E8722A3DE6A00053B5C /* ESGamePathSearch.m in Sources */,
				FB551E6E22A3DE6A00053B5C /* ESGameCommonTool.m in Sources */,
				FB5172B7229E99B000252968 /* AppDelegate.m in Sources */,
				FB32321222A694F400009A5C /* ESGameRecommendVC.m in Sources */,
				FBB1A66722A7641B0044799A /* ESGameWebVC.m in Sources */,
				FB551E9422A3E61F00053B5C /* ESGameWaveButton.m in Sources */,
				FB551E8822A3DE6A00053B5C /* ESStarGameSearcher.m in Sources */,
				FB551E9122A3E5B600053B5C /* ESGameHomeVC.m in Sources */,
				FB32320E22A694CB00009A5C /* ESGameFlowLayout.m in Sources */,
				FBB1A67622A774710044799A /* ESGameLaunchVC.m in Sources */,
				FB551E6C22A3DE6A00053B5C /* NSString+Extension.m in Sources */,
				FBB1A67122A76CBE0044799A /* ESGameWinVC.m in Sources */,
				FB551E8922A3DE6A00053B5C /* ESBreadthGameSearcher.m in Sources */,
				FB32321722A695C500009A5C /* ESGameReContentCell.m in Sources */,
				FB551E8A22A3DE6A00053B5C /* AFNet.m in Sources */,
				FBAF630322A3F81D00BFD8A0 /* ESGameSetVC.m in Sources */,
				FB551E6F22A3DE6A00053B5C /* ESPriorityGameQueue.m in Sources */,
				FB551E6D22A3DE6A00053B5C /* UIView+Extension.m in Sources */,
				FB551E7022A3DE6A00053B5C /* ESPuzzleGamePiece.m in Sources */,
				FB5172C8229E99B200252968 /* main.m in Sources */,
				FB5172C0229E99B000252968 /* Simplicity.xcdatamodeld in Sources */,
				FBAC193822A53F7C007C7883 /* ESGameRecommendCell.m in Sources */,
				FBAC193322A52290007C7883 /* ESGameChoosePhotoVC.m in Sources */,
				FB551E8622A3DE6A00053B5C /* ESDoubleGameSearcher.m in Sources */,
				FB551E6B22A3DE6A00053B5C /* UIColor+Extension.m in Sources */,
				FB551E6922A3DE6A00053B5C /* NSObject+Model.m in Sources */,
				FB551E6A22A3DE6A00053B5C /* NSDate+Extension.m in Sources */,
			);
			runOnlyForDeploymentPostprocessing = 0;
		};
		FB5172C9229E99B200252968 /* Sources */ = {
			isa = PBXSourcesBuildPhase;
			buildActionMask = 2147483647;
			files = (
				FB5172D2229E99B300252968 /* SimplicityTests.m in Sources */,
			);
			runOnlyForDeploymentPostprocessing = 0;
		};
		FB5172D4229E99B300252968 /* Sources */ = {
			isa = PBXSourcesBuildPhase;
			buildActionMask = 2147483647;
			files = (
				FB5172DD229E99B300252968 /* SimplicityUITests.m in Sources */,
			);
			runOnlyForDeploymentPostprocessing = 0;
		};
/* End PBXSourcesBuildPhase section */

/* Begin PBXTargetDependency section */
		FB5172CF229E99B200252968 /* PBXTargetDependency */ = {
			isa = PBXTargetDependency;
			target = FB5172B1229E99B000252968 /* Simplicity */;
			targetProxy = FB5172CE229E99B200252968 /* PBXContainerItemProxy */;
		};
		FB5172DA229E99B300252968 /* PBXTargetDependency */ = {
			isa = PBXTargetDependency;
			target = FB5172B1229E99B000252968 /* Simplicity */;
			targetProxy = FB5172D9229E99B300252968 /* PBXContainerItemProxy */;
		};
/* End PBXTargetDependency section */

/* Begin PBXVariantGroup section */
		FB5172BB229E99B000252968 /* Main.storyboard */ = {
			isa = PBXVariantGroup;
			children = (
				FB5172BC229E99B000252968 /* Base */,
			);
			name = Main.storyboard;
			sourceTree = "<group>";
		};
		FB5172C3229E99B200252968 /* LaunchScreen.storyboard */ = {
			isa = PBXVariantGroup;
			children = (
				FB5172C4229E99B200252968 /* Base */,
			);
			name = LaunchScreen.storyboard;
			sourceTree = "<group>";
		};
/* End PBXVariantGroup section */

/* Begin XCBuildConfiguration section */
		FB5172DF229E99B300252968 /* Debug */ = {
			isa = XCBuildConfiguration;
			buildSettings = {
				ALWAYS_SEARCH_USER_PATHS = NO;
				CLANG_ANALYZER_NONNULL = YES;
				CLANG_ANALYZER_NUMBER_OBJECT_CONVERSION = YES_AGGRESSIVE;
				CLANG_CXX_LANGUAGE_STANDARD = "gnu++14";
				CLANG_CXX_LIBRARY = "libc++";
				CLANG_ENABLE_MODULES = YES;
				CLANG_ENABLE_OBJC_ARC = YES;
				CLANG_ENABLE_OBJC_WEAK = YES;
				CLANG_WARN_BLOCK_CAPTURE_AUTORELEASING = YES;
				CLANG_WARN_BOOL_CONVERSION = YES;
				CLANG_WARN_COMMA = YES;
				CLANG_WARN_CONSTANT_CONVERSION = YES;
				CLANG_WARN_DEPRECATED_OBJC_IMPLEMENTATIONS = YES;
				CLANG_WARN_DIRECT_OBJC_ISA_USAGE = YES_ERROR;
				CLANG_WARN_DOCUMENTATION_COMMENTS = YES;
				CLANG_WARN_EMPTY_BODY = YES;
				CLANG_WARN_ENUM_CONVERSION = YES;
				CLANG_WARN_INFINITE_RECURSION = YES;
				CLANG_WARN_INT_CONVERSION = YES;
				CLANG_WARN_NON_LITERAL_NULL_CONVERSION = YES;
				CLANG_WARN_OBJC_IMPLICIT_RETAIN_SELF = YES;
				CLANG_WARN_OBJC_LITERAL_CONVERSION = YES;
				CLANG_WARN_OBJC_ROOT_CLASS = YES_ERROR;
				CLANG_WARN_RANGE_LOOP_ANALYSIS = YES;
				CLANG_WARN_STRICT_PROTOTYPES = YES;
				CLANG_WARN_SUSPICIOUS_MOVE = YES;
				CLANG_WARN_UNGUARDED_AVAILABILITY = YES_AGGRESSIVE;
				CLANG_WARN_UNREACHABLE_CODE = YES;
				CLANG_WARN__DUPLICATE_METHOD_MATCH = YES;
				CODE_SIGN_IDENTITY = "iPhone Developer";
				COPY_PHASE_STRIP = NO;
				DEBUG_INFORMATION_FORMAT = dwarf;
				ENABLE_STRICT_OBJC_MSGSEND = YES;
				ENABLE_TESTABILITY = YES;
				GCC_C_LANGUAGE_STANDARD = gnu11;
				GCC_DYNAMIC_NO_PIC = NO;
				GCC_NO_COMMON_BLOCKS = YES;
				GCC_OPTIMIZATION_LEVEL = 0;
				GCC_PREPROCESSOR_DEFINITIONS = (
					"DEBUG=1",
					"$(inherited)",
				);
				GCC_WARN_64_TO_32_BIT_CONVERSION = YES;
				GCC_WARN_ABOUT_RETURN_TYPE = YES_ERROR;
				GCC_WARN_UNDECLARED_SELECTOR = YES;
				GCC_WARN_UNINITIALIZED_AUTOS = YES_AGGRESSIVE;
				GCC_WARN_UNUSED_FUNCTION = YES;
				GCC_WARN_UNUSED_VARIABLE = YES;
				IPHONEOS_DEPLOYMENT_TARGET = 12.1;
				MTL_ENABLE_DEBUG_INFO = INCLUDE_SOURCE;
				MTL_FAST_MATH = YES;
				ONLY_ACTIVE_ARCH = YES;
				SDKROOT = iphoneos;
			};
			name = Debug;
		};
		FB5172E0229E99B300252968 /* Release */ = {
			isa = XCBuildConfiguration;
			buildSettings = {
				ALWAYS_SEARCH_USER_PATHS = NO;
				CLANG_ANALYZER_NONNULL = YES;
				CLANG_ANALYZER_NUMBER_OBJECT_CONVERSION = YES_AGGRESSIVE;
				CLANG_CXX_LANGUAGE_STANDARD = "gnu++14";
				CLANG_CXX_LIBRARY = "libc++";
				CLANG_ENABLE_MODULES = YES;
				CLANG_ENABLE_OBJC_ARC = YES;
				CLANG_ENABLE_OBJC_WEAK = YES;
				CLANG_WARN_BLOCK_CAPTURE_AUTORELEASING = YES;
				CLANG_WARN_BOOL_CONVERSION = YES;
				CLANG_WARN_COMMA = YES;
				CLANG_WARN_CONSTANT_CONVERSION = YES;
				CLANG_WARN_DEPRECATED_OBJC_IMPLEMENTATIONS = YES;
				CLANG_WARN_DIRECT_OBJC_ISA_USAGE = YES_ERROR;
				CLANG_WARN_DOCUMENTATION_COMMENTS = YES;
				CLANG_WARN_EMPTY_BODY = YES;
				CLANG_WARN_ENUM_CONVERSION = YES;
				CLANG_WARN_INFINITE_RECURSION = YES;
				CLANG_WARN_INT_CONVERSION = YES;
				CLANG_WARN_NON_LITERAL_NULL_CONVERSION = YES;
				CLANG_WARN_OBJC_IMPLICIT_RETAIN_SELF = YES;
				CLANG_WARN_OBJC_LITERAL_CONVERSION = YES;
				CLANG_WARN_OBJC_ROOT_CLASS = YES_ERROR;
				CLANG_WARN_RANGE_LOOP_ANALYSIS = YES;
				CLANG_WARN_STRICT_PROTOTYPES = YES;
				CLANG_WARN_SUSPICIOUS_MOVE = YES;
				CLANG_WARN_UNGUARDED_AVAILABILITY = YES_AGGRESSIVE;
				CLANG_WARN_UNREACHABLE_CODE = YES;
				CLANG_WARN__DUPLICATE_METHOD_MATCH = YES;
				CODE_SIGN_IDENTITY = "iPhone Developer";
				COPY_PHASE_STRIP = NO;
				DEBUG_INFORMATION_FORMAT = "dwarf-with-dsym";
				ENABLE_NS_ASSERTIONS = NO;
				ENABLE_STRICT_OBJC_MSGSEND = YES;
				GCC_C_LANGUAGE_STANDARD = gnu11;
				GCC_NO_COMMON_BLOCKS = YES;
				GCC_WARN_64_TO_32_BIT_CONVERSION = YES;
				GCC_WARN_ABOUT_RETURN_TYPE = YES_ERROR;
				GCC_WARN_UNDECLARED_SELECTOR = YES;
				GCC_WARN_UNINITIALIZED_AUTOS = YES_AGGRESSIVE;
				GCC_WARN_UNUSED_FUNCTION = YES;
				GCC_WARN_UNUSED_VARIABLE = YES;
				IPHONEOS_DEPLOYMENT_TARGET = 12.1;
				MTL_ENABLE_DEBUG_INFO = NO;
				MTL_FAST_MATH = YES;
				SDKROOT = iphoneos;
				VALIDATE_PRODUCT = YES;
			};
			name = Release;
		};
		FB5172E2229E99B300252968 /* Debug */ = {
			isa = XCBuildConfiguration;
			baseConfigurationReference = 5AE2D3048E2166E9212962D3 /* Pods-Simplicity.debug.xcconfig */;
			buildSettings = {
				ASSETCATALOG_COMPILER_APPICON_NAME = AppIcon;
				ASSETCATALOG_COMPILER_LAUNCHIMAGE_NAME = LaunchImage;
				CODE_SIGN_IDENTITY = "iPhone Developer";
				CODE_SIGN_STYLE = Automatic;
				DEFINES_MODULE = YES;
				DEVELOPMENT_TEAM = 57BCUAK374;
				GCC_PREFIX_HEADER = Simplicity/Vender/PrefixHeader.pch;
				INFOPLIST_FILE = Simplicity/Info.plist;
				LD_RUNPATH_SEARCH_PATHS = (
					"$(inherited)",
					"@executable_path/Frameworks",
				);
				PRODUCT_BUNDLE_IDENTIFIER = com.huasda.source;
				PRODUCT_NAME = "$(TARGET_NAME)";
				PROVISIONING_PROFILE_SPECIFIER = "";
				SWIFT_OBJC_BRIDGING_HEADER = "Simplicity/Simplicity-Swift.h";
				SWIFT_VERSION = 3.0;
				TARGETED_DEVICE_FAMILY = "1,2";
			};
			name = Debug;
		};
		FB5172E3229E99B300252968 /* Release */ = {
			isa = XCBuildConfiguration;
			baseConfigurationReference = D97191A99607BE977B07F008 /* Pods-Simplicity.release.xcconfig */;
			buildSettings = {
				ASSETCATALOG_COMPILER_APPICON_NAME = AppIcon;
				ASSETCATALOG_COMPILER_LAUNCHIMAGE_NAME = LaunchImage;
				CODE_SIGN_IDENTITY = "iPhone Developer";
				CODE_SIGN_STYLE = Automatic;
				DEFINES_MODULE = YES;
				DEVELOPMENT_TEAM = 57BCUAK374;
				GCC_PREFIX_HEADER = Simplicity/Vender/PrefixHeader.pch;
				INFOPLIST_FILE = Simplicity/Info.plist;
				LD_RUNPATH_SEARCH_PATHS = (
					"$(inherited)",
					"@executable_path/Frameworks",
				);
				PRODUCT_BUNDLE_IDENTIFIER = com.huasda.source;
				PRODUCT_NAME = "$(TARGET_NAME)";
				PROVISIONING_PROFILE_SPECIFIER = "";
				SWIFT_OBJC_BRIDGING_HEADER = "Simplicity/Simplicity-Swift.h";
				SWIFT_VERSION = 3.0;
				TARGETED_DEVICE_FAMILY = "1,2";
			};
			name = Release;
		};
		FB5172E5229E99B300252968 /* Debug */ = {
			isa = XCBuildConfiguration;
			buildSettings = {
				BUNDLE_LOADER = "$(TEST_HOST)";
				CODE_SIGN_STYLE = Automatic;
				INFOPLIST_FILE = SimplicityTests/Info.plist;
				LD_RUNPATH_SEARCH_PATHS = (
					"$(inherited)",
					"@executable_path/Frameworks",
					"@loader_path/Frameworks",
				);
				PRODUCT_BUNDLE_IDENTIFIER = Simplicity.SimplicityTests;
				PRODUCT_NAME = "$(TARGET_NAME)";
				TARGETED_DEVICE_FAMILY = "1,2";
				TEST_HOST = "$(BUILT_PRODUCTS_DIR)/Simplicity.app/Simplicity";
			};
			name = Debug;
		};
		FB5172E6229E99B300252968 /* Release */ = {
			isa = XCBuildConfiguration;
			buildSettings = {
				BUNDLE_LOADER = "$(TEST_HOST)";
				CODE_SIGN_STYLE = Automatic;
				INFOPLIST_FILE = SimplicityTests/Info.plist;
				LD_RUNPATH_SEARCH_PATHS = (
					"$(inherited)",
					"@executable_path/Frameworks",
					"@loader_path/Frameworks",
				);
				PRODUCT_BUNDLE_IDENTIFIER = Simplicity.SimplicityTests;
				PRODUCT_NAME = "$(TARGET_NAME)";
				TARGETED_DEVICE_FAMILY = "1,2";
				TEST_HOST = "$(BUILT_PRODUCTS_DIR)/Simplicity.app/Simplicity";
			};
			name = Release;
		};
		FB5172E8229E99B300252968 /* Debug */ = {
			isa = XCBuildConfiguration;
			buildSettings = {
				CODE_SIGN_STYLE = Automatic;
				INFOPLIST_FILE = SimplicityUITests/Info.plist;
				LD_RUNPATH_SEARCH_PATHS = (
					"$(inherited)",
					"@executable_path/Frameworks",
					"@loader_path/Frameworks",
				);
				PRODUCT_BUNDLE_IDENTIFIER = Simplicity.SimplicityUITests;
				PRODUCT_NAME = "$(TARGET_NAME)";
				TARGETED_DEVICE_FAMILY = "1,2";
				TEST_TARGET_NAME = Simplicity;
			};
			name = Debug;
		};
		FB5172E9229E99B300252968 /* Release */ = {
			isa = XCBuildConfiguration;
			buildSettings = {
				CODE_SIGN_STYLE = Automatic;
				INFOPLIST_FILE = SimplicityUITests/Info.plist;
				LD_RUNPATH_SEARCH_PATHS = (
					"$(inherited)",
					"@executable_path/Frameworks",
					"@loader_path/Frameworks",
				);
				PRODUCT_BUNDLE_IDENTIFIER = Simplicity.SimplicityUITests;
				PRODUCT_NAME = "$(TARGET_NAME)";
				TARGETED_DEVICE_FAMILY = "1,2";
				TEST_TARGET_NAME = Simplicity;
			};
			name = Release;
		};
/* End XCBuildConfiguration section */

/* Begin XCConfigurationList section */
		FB5172AD229E99B000252968 /* Build configuration list for PBXProject "Simplicity" */ = {
			isa = XCConfigurationList;
			buildConfigurations = (
				FB5172DF229E99B300252968 /* Debug */,
				FB5172E0229E99B300252968 /* Release */,
			);
			defaultConfigurationIsVisible = 0;
			defaultConfigurationName = Release;
		};
		FB5172E1229E99B300252968 /* Build configuration list for PBXNativeTarget "Simplicity" */ = {
			isa = XCConfigurationList;
			buildConfigurations = (
				FB5172E2229E99B300252968 /* Debug */,
				FB5172E3229E99B300252968 /* Release */,
			);
			defaultConfigurationIsVisible = 0;
			defaultConfigurationName = Release;
		};
		FB5172E4229E99B300252968 /* Build configuration list for PBXNativeTarget "SimplicityTests" */ = {
			isa = XCConfigurationList;
			buildConfigurations = (
				FB5172E5229E99B300252968 /* Debug */,
				FB5172E6229E99B300252968 /* Release */,
			);
			defaultConfigurationIsVisible = 0;
			defaultConfigurationName = Release;
		};
		FB5172E7229E99B300252968 /* Build configuration list for PBXNativeTarget "SimplicityUITests" */ = {
			isa = XCConfigurationList;
			buildConfigurations = (
				FB5172E8229E99B300252968 /* Debug */,
				FB5172E9229E99B300252968 /* Release */,
			);
			defaultConfigurationIsVisible = 0;
			defaultConfigurationName = Release;
		};
/* End XCConfigurationList section */

/* Begin XCVersionGroup section */
		FB5172BE229E99B000252968 /* Simplicity.xcdatamodeld */ = {
			isa = XCVersionGroup;
			children = (
				FB5172BF229E99B000252968 /* Simplicity.xcdatamodel */,
			);
			currentVersion = FB5172BF229E99B000252968 /* Simplicity.xcdatamodel */;
			path = Simplicity.xcdatamodeld;
			sourceTree = "<group>";
			versionGroupType = wrapper.xcdatamodel;
		};
/* End XCVersionGroup section */
	};
	rootObject = FB5172AA229E99B000252968 /* Project object */;
}
